
Microsoft Visual Studio Solution File, Format Version 12.00
# Visual Studio Version 16
VisualStudioVersion = 16.0.29326.143
MinimumVisualStudioVersion = 10.0.40219.1
Project("{FAE04EC0-301F-11D3-BF4B-00C04F79EFBC}") = "Open-Lab-04.01", "Open-Lab-04.01.csproj", "{29982655-6C6A-4E5A-A72D-8F6AD97475E9}"
EndProject
Global
	GlobalSection(SolutionConfigurationPlatforms) = preSolution
		Debug|Any CPU = Debug|Any CPU
		Release|Any CPU = Release|Any CPU
	EndGlobalSection
	GlobalSection(ProjectConfigurationPlatforms) = postSolution
		{29982655-6C6A-4E5A-A72D-8F6AD97475E9}.Debug|Any CPU.ActiveCfg = Debug|Any CPU
		{29982655-6C6A-4E5A-A72D-8F6AD97475E9}.Debug|Any CPU.Build.0 = Debug|Any CPU
		{29982655-6C6A-4E5A-A72D-8F6AD97475E9}.Release|Any CPU.ActiveCfg = Release|Any CPU
		{29982655-6C6A-4E5A-A72D-8F6AD97475E9}.Release|Any CPU.Build.0 = Release|Any CPU
	EndGlobalSection
	GlobalSection(SolutionProperties) = preSolution
		HideSolutionNode = FALSE
	EndGlobalSection
	GlobalSection(ExtensibilityGlobals) = postSolution
		SolutionGuid = {31113FC4-0BAC-4B2B-9DCF-A199F1EB6F5C}
	EndGlobalSection
EndGlobal
